
Microsoft Visual Studio Solution File, Format Version 12.00
# Visual Studio Version 17
VisualStudioVersion = 17.4.33205.214
MinimumVisualStudioVersion = 10.0.40219.1
Project("{FAE04EC0-301F-11D3-BF4B-00C04F79EFBC}") = "EntityFrameworkCodeFirst", "EntityFrameworkCodeFirst\EntityFrameworkCodeFirst.csproj", "{3DA2059B-ECE1-4EF4-8F4F-E2146F1C6BED}"
EndProject
Project("{FAE04EC0-301F-11D3-BF4B-00C04F79EFBC}") = "MVC", "MVC\MVC.csproj", "{E7F57225-8EF8-4D91-AAF2-15DF18AF6556}"
EndProject
Global
	GlobalSection(SolutionConfigurationPlatforms) = preSolution
		Debug|Any CPU = Debug|Any CPU
		Release|Any CPU = Release|Any CPU
	EndGlobalSection
	GlobalSection(ProjectConfigurationPlatforms) = postSolution
		{3DA2059B-ECE1-4EF4-8F4F-E2146F1C6BED}.Debug|Any CPU.ActiveCfg = Debug|Any CPU
		{3DA2059B-ECE1-4EF4-8F4F-E2146F1C6BED}.Debug|Any CPU.Build.0 = Debug|Any CPU
		{3DA2059B-ECE1-4EF4-8F4F-E2146F1C6BED}.Release|Any CPU.ActiveCfg = Release|Any CPU
		{3DA2059B-ECE1-4EF4-8F4F-E2146F1C6BED}.Release|Any CPU.Build.0 = Release|Any CPU
		{E7F57225-8EF8-4D91-AAF2-15DF18AF6556}.Debug|Any CPU.ActiveCfg = Debug|Any CPU
		{E7F57225-8EF8-4D91-AAF2-15DF18AF6556}.Debug|Any CPU.Build.0 = Debug|Any CPU
		{E7F57225-8EF8-4D91-AAF2-15DF18AF6556}.Release|Any CPU.ActiveCfg = Release|Any CPU
		{E7F57225-8EF8-4D91-AAF2-15DF18AF6556}.Release|Any CPU.Build.0 = Release|Any CPU
	EndGlobalSection
	GlobalSection(SolutionProperties) = preSolution
		HideSolutionNode = FALSE
	EndGlobalSection
	GlobalSection(ExtensibilityGlobals) = postSolution
		SolutionGuid = {F3E6F351-FECF-45CD-BFF3-B1EE73F365AD}
	EndGlobalSection
EndGlobal
